
Microsoft Visual Studio Solution File, Format Version 12.00
# Visual Studio 15
VisualStudioVersion = 15.0.26124.0
MinimumVisualStudioVersion = 15.0.26124.0
Project("{2150E333-8FDC-42A3-9474-1A3956D46DE8}") = "src", "src", "{8098DE19-1ED8-4422-9074-5CB7B77DAABB}"
EndProject
Project("{FAE04EC0-301F-11D3-BF4B-00C04F79EFBC}") = "Application", "src\Application\Application.csproj", "{447F41DF-B017-4FE2-97E2-F8E8A5115784}"
EndProject
Project("{FAE04EC0-301F-11D3-BF4B-00C04F79EFBC}") = "Domain", "src\Domain\Domain.csproj", "{F506A6F2-3CD6-4EE6-B9D2-92F34E684E8C}"
EndProject
Project("{FAE04EC0-301F-11D3-BF4B-00C04F79EFBC}") = "Infrastructure", "src\Infrastructure\Infrastructure.csproj", "{7E993BE0-AA38-4A85-9349-6B79F423086B}"
EndProject
Project("{FAE04EC0-301F-11D3-BF4B-00C04F79EFBC}") = "WebApp", "src\WebApp\WebApp.csproj", "{A19FDFCD-0EDC-4850-9D50-DBFACCC84320}"
EndProject
Project("{2150E333-8FDC-42A3-9474-1A3956D46DE8}") = "tests", "tests", "{49D2DF7E-650F-47B1-AF2D-EB0F14B4393E}"
EndProject
Project("{FAE04EC0-301F-11D3-BF4B-00C04F79EFBC}") = "WebApp.Tests", "tests\WebApp.Tests\WebApp.Tests.csproj", "{CE03E6D4-5438-43C8-AB06-F0711436EFF7}"
EndProject
Global
	GlobalSection(SolutionConfigurationPlatforms) = preSolution
		Debug|Any CPU = Debug|Any CPU
		Debug|x64 = Debug|x64
		Debug|x86 = Debug|x86
		Release|Any CPU = Release|Any CPU
		Release|x64 = Release|x64
		Release|x86 = Release|x86
	EndGlobalSection
	GlobalSection(SolutionProperties) = preSolution
		HideSolutionNode = FALSE
	EndGlobalSection
	GlobalSection(ProjectConfigurationPlatforms) = postSolution
		{447F41DF-B017-4FE2-97E2-F8E8A5115784}.Debug|Any CPU.ActiveCfg = Debug|Any CPU
		{447F41DF-B017-4FE2-97E2-F8E8A5115784}.Debug|Any CPU.Build.0 = Debug|Any CPU
		{447F41DF-B017-4FE2-97E2-F8E8A5115784}.Debug|x64.ActiveCfg = Debug|Any CPU
		{447F41DF-B017-4FE2-97E2-F8E8A5115784}.Debug|x64.Build.0 = Debug|Any CPU
		{447F41DF-B017-4FE2-97E2-F8E8A5115784}.Debug|x86.ActiveCfg = Debug|Any CPU
		{447F41DF-B017-4FE2-97E2-F8E8A5115784}.Debug|x86.Build.0 = Debug|Any CPU
		{447F41DF-B017-4FE2-97E2-F8E8A5115784}.Release|Any CPU.ActiveCfg = Release|Any CPU
		{447F41DF-B017-4FE2-97E2-F8E8A5115784}.Release|Any CPU.Build.0 = Release|Any CPU
		{447F41DF-B017-4FE2-97E2-F8E8A5115784}.Release|x64.ActiveCfg = Release|Any CPU
		{447F41DF-B017-4FE2-97E2-F8E8A5115784}.Release|x64.Build.0 = Release|Any CPU
		{447F41DF-B017-4FE2-97E2-F8E8A5115784}.Release|x86.ActiveCfg = Release|Any CPU
		{447F41DF-B017-4FE2-97E2-F8E8A5115784}.Release|x86.Build.0 = Release|Any CPU
		{F506A6F2-3CD6-4EE6-B9D2-92F34E684E8C}.Debug|Any CPU.ActiveCfg = Debug|Any CPU
		{F506A6F2-3CD6-4EE6-B9D2-92F34E684E8C}.Debug|Any CPU.Build.0 = Debug|Any CPU
		{F506A6F2-3CD6-4EE6-B9D2-92F34E684E8C}.Debug|x64.ActiveCfg = Debug|Any CPU
		{F506A6F2-3CD6-4EE6-B9D2-92F34E684E8C}.Debug|x64.Build.0 = Debug|Any CPU
		{F506A6F2-3CD6-4EE6-B9D2-92F34E684E8C}.Debug|x86.ActiveCfg = Debug|Any CPU
		{F506A6F2-3CD6-4EE6-B9D2-92F34E684E8C}.Debug|x86.Build.0 = Debug|Any CPU
		{F506A6F2-3CD6-4EE6-B9D2-92F34E684E8C}.Release|Any CPU.ActiveCfg = Release|Any CPU
		{F506A6F2-3CD6-4EE6-B9D2-92F34E684E8C}.Release|Any CPU.Build.0 = Release|Any CPU
		{F506A6F2-3CD6-4EE6-B9D2-92F34E684E8C}.Release|x64.ActiveCfg = Release|Any CPU
		{F506A6F2-3CD6-4EE6-B9D2-92F34E684E8C}.Release|x64.Build.0 = Release|Any CPU
		{F506A6F2-3CD6-4EE6-B9D2-92F34E684E8C}.Release|x86.ActiveCfg = Release|Any CPU
		{F506A6F2-3CD6-4EE6-B9D2-92F34E684E8C}.Release|x86.Build.0 = Release|Any CPU
		{7E993BE0-AA38-4A85-9349-6B79F423086B}.Debug|Any CPU.ActiveCfg = Debug|Any CPU
		{7E993BE0-AA38-4A85-9349-6B79F423086B}.Debug|Any CPU.Build.0 = Debug|Any CPU
		{7E993BE0-AA38-4A85-9349-6B79F423086B}.Debug|x64.ActiveCfg = Debug|Any CPU
		{7E993BE0-AA38-4A85-9349-6B79F423086B}.Debug|x64.Build.0 = Debug|Any CPU
		{7E993BE0-AA38-4A85-9349-6B79F423086B}.Debug|x86.ActiveCfg = Debug|Any CPU
		{7E993BE0-AA38-4A85-9349-6B79F423086B}.Debug|x86.Build.0 = Debug|Any CPU
		{7E993BE0-AA38-4A85-9349-6B79F423086B}.Release|Any CPU.ActiveCfg = Release|Any CPU
		{7E993BE0-AA38-4A85-9349-6B79F423086B}.Release|Any CPU.Build.0 = Release|Any CPU
		{7E993BE0-AA38-4A85-9349-6B79F423086B}.Release|x64.ActiveCfg = Release|Any CPU
		{7E993BE0-AA38-4A85-9349-6B79F423086B}.Release|x64.Build.0 = Release|Any CPU
		{7E993BE0-AA38-4A85-9349-6B79F423086B}.Release|x86.ActiveCfg = Release|Any CPU
		{7E993BE0-AA38-4A85-9349-6B79F423086B}.Release|x86.Build.0 = Release|Any CPU
		{A19FDFCD-0EDC-4850-9D50-DBFACCC84320}.Debug|Any CPU.ActiveCfg = Debug|Any CPU
		{A19FDFCD-0EDC-4850-9D50-DBFACCC84320}.Debug|Any CPU.Build.0 = Debug|Any CPU
		{A19FDFCD-0EDC-4850-9D50-DBFACCC84320}.Debug|x64.ActiveCfg = Debug|Any CPU
		{A19FDFCD-0EDC-4850-9D50-DBFACCC84320}.Debug|x64.Build.0 = Debug|Any CPU
		{A19FDFCD-0EDC-4850-9D50-DBFACCC84320}.Debug|x86.ActiveCfg = Debug|Any CPU
		{A19FDFCD-0EDC-4850-9D50-DBFACCC84320}.Debug|x86.Build.0 = Debug|Any CPU
		{A19FDFCD-0EDC-4850-9D50-DBFACCC84320}.Release|Any CPU.ActiveCfg = Release|Any CPU
		{A19FDFCD-0EDC-4850-9D50-DBFACCC84320}.Release|Any CPU.Build.0 = Release|Any CPU
		{A19FDFCD-0EDC-4850-9D50-DBFACCC84320}.Release|x64.ActiveCfg = Release|Any CPU
		{A19FDFCD-0EDC-4850-9D50-DBFACCC84320}.Release|x64.Build.0 = Release|Any CPU
		{A19FDFCD-0EDC-4850-9D50-DBFACCC84320}.Release|x86.ActiveCfg = Release|Any CPU
		{A19FDFCD-0EDC-4850-9D50-DBFACCC84320}.Release|x86.Build.0 = Release|Any CPU
		{CE03E6D4-5438-43C8-AB06-F0711436EFF7}.Debug|Any CPU.ActiveCfg = Debug|Any CPU
		{CE03E6D4-5438-43C8-AB06-F0711436EFF7}.Debug|Any CPU.Build.0 = Debug|Any CPU
		{CE03E6D4-5438-43C8-AB06-F0711436EFF7}.Debug|x64.ActiveCfg = Debug|Any CPU
		{CE03E6D4-5438-43C8-AB06-F0711436EFF7}.Debug|x64.Build.0 = Debug|Any CPU
		{CE03E6D4-5438-43C8-AB06-F0711436EFF7}.Debug|x86.ActiveCfg = Debug|Any CPU
		{CE03E6D4-5438-43C8-AB06-F0711436EFF7}.Debug|x86.Build.0 = Debug|Any CPU
		{CE03E6D4-5438-43C8-AB06-F0711436EFF7}.Release|Any CPU.ActiveCfg = Release|Any CPU
		{CE03E6D4-5438-43C8-AB06-F0711436EFF7}.Release|Any CPU.Build.0 = Release|Any CPU
		{CE03E6D4-5438-43C8-AB06-F0711436EFF7}.Release|x64.ActiveCfg = Release|Any CPU
		{CE03E6D4-5438-43C8-AB06-F0711436EFF7}.Release|x64.Build.0 = Release|Any CPU
		{CE03E6D4-5438-43C8-AB06-F0711436EFF7}.Release|x86.ActiveCfg = Release|Any CPU
		{CE03E6D4-5438-43C8-AB06-F0711436EFF7}.Release|x86.Build.0 = Release|Any CPU
	EndGlobalSection
	GlobalSection(NestedProjects) = preSolution
		{447F41DF-B017-4FE2-97E2-F8E8A5115784} = {8098DE19-1ED8-4422-9074-5CB7B77DAABB}
		{F506A6F2-3CD6-4EE6-B9D2-92F34E684E8C} = {8098DE19-1ED8-4422-9074-5CB7B77DAABB}
		{7E993BE0-AA38-4A85-9349-6B79F423086B} = {8098DE19-1ED8-4422-9074-5CB7B77DAABB}
		{A19FDFCD-0EDC-4850-9D50-DBFACCC84320} = {8098DE19-1ED8-4422-9074-5CB7B77DAABB}
		{CE03E6D4-5438-43C8-AB06-F0711436EFF7} = {49D2DF7E-650F-47B1-AF2D-EB0F14B4393E}
	EndGlobalSection
EndGlobal
